
Microsoft Visual Studio Solution File, Format Version 12.00
# Visual Studio Version 17
VisualStudioVersion = 17.7.34024.191
MinimumVisualStudioVersion = 10.0.40219.1
Project("{9A19103F-16F7-4668-BE54-9A1E7A4F7556}") = "Scoreboard.Api", "Scoreboard.Api\Scoreboard.Api.csproj", "{01880B83-887A-4294-A1A3-3DD4C90E9191}"
EndProject
Project("{9A19103F-16F7-4668-BE54-9A1E7A4F7556}") = "Scoreboard.Service", "Scoreboard.Service\Scoreboard.Service.csproj", "{984E5B40-4435-44DF-BFA3-7ECE58EFD1BA}"
EndProject
Project("{9A19103F-16F7-4668-BE54-9A1E7A4F7556}") = "Scoreboard.Contracts", "Scoreboard.Contracts\Scoreboard.Contracts.csproj", "{DA0D3850-9C92-4EAA-A792-07A26A7550A9}"
EndProject
Project("{9A19103F-16F7-4668-BE54-9A1E7A4F7556}") = "Scoreboard.Domain", "Scoreboard.Domain\Scoreboard.Domain.csproj", "{0112EF67-6150-4AC5-BC8A-F9E104A7E14D}"
EndProject
Project("{9A19103F-16F7-4668-BE54-9A1E7A4F7556}") = "Scoreboard.Data", "Scoreboard.Data\Scoreboard.Data.csproj", "{D2FB017F-FB32-4449-AF7E-1D4D8B04020B}"
EndProject
Project("{FAE04EC0-301F-11D3-BF4B-00C04F79EFBC}") = "Scoreboard.Repository", "Scoreboard.Repository\Scoreboard.Repository.csproj", "{6A88C4B4-2FE8-4499-9261-B7718B0A10F4}"
EndProject
Global
	GlobalSection(SolutionConfigurationPlatforms) = preSolution
		Debug|Any CPU = Debug|Any CPU
		Release|Any CPU = Release|Any CPU
	EndGlobalSection
	GlobalSection(ProjectConfigurationPlatforms) = postSolution
		{01880B83-887A-4294-A1A3-3DD4C90E9191}.Debug|Any CPU.ActiveCfg = Debug|Any CPU
		{01880B83-887A-4294-A1A3-3DD4C90E9191}.Debug|Any CPU.Build.0 = Debug|Any CPU
		{01880B83-887A-4294-A1A3-3DD4C90E9191}.Release|Any CPU.ActiveCfg = Release|Any CPU
		{01880B83-887A-4294-A1A3-3DD4C90E9191}.Release|Any CPU.Build.0 = Release|Any CPU
		{984E5B40-4435-44DF-BFA3-7ECE58EFD1BA}.Debug|Any CPU.ActiveCfg = Debug|Any CPU
		{984E5B40-4435-44DF-BFA3-7ECE58EFD1BA}.Debug|Any CPU.Build.0 = Debug|Any CPU
		{984E5B40-4435-44DF-BFA3-7ECE58EFD1BA}.Release|Any CPU.ActiveCfg = Release|Any CPU
		{984E5B40-4435-44DF-BFA3-7ECE58EFD1BA}.Release|Any CPU.Build.0 = Release|Any CPU
		{DA0D3850-9C92-4EAA-A792-07A26A7550A9}.Debug|Any CPU.ActiveCfg = Debug|Any CPU
		{DA0D3850-9C92-4EAA-A792-07A26A7550A9}.Debug|Any CPU.Build.0 = Debug|Any CPU
		{DA0D3850-9C92-4EAA-A792-07A26A7550A9}.Release|Any CPU.ActiveCfg = Release|Any CPU
		{DA0D3850-9C92-4EAA-A792-07A26A7550A9}.Release|Any CPU.Build.0 = Release|Any CPU
		{0112EF67-6150-4AC5-BC8A-F9E104A7E14D}.Debug|Any CPU.ActiveCfg = Debug|Any CPU
		{0112EF67-6150-4AC5-BC8A-F9E104A7E14D}.Debug|Any CPU.Build.0 = Debug|Any CPU
		{0112EF67-6150-4AC5-BC8A-F9E104A7E14D}.Release|Any CPU.ActiveCfg = Release|Any CPU
		{0112EF67-6150-4AC5-BC8A-F9E104A7E14D}.Release|Any CPU.Build.0 = Release|Any CPU
		{D2FB017F-FB32-4449-AF7E-1D4D8B04020B}.Debug|Any CPU.ActiveCfg = Debug|Any CPU
		{D2FB017F-FB32-4449-AF7E-1D4D8B04020B}.Debug|Any CPU.Build.0 = Debug|Any CPU
		{D2FB017F-FB32-4449-AF7E-1D4D8B04020B}.Release|Any CPU.ActiveCfg = Release|Any CPU
		{D2FB017F-FB32-4449-AF7E-1D4D8B04020B}.Release|Any CPU.Build.0 = Release|Any CPU
		{6A88C4B4-2FE8-4499-9261-B7718B0A10F4}.Debug|Any CPU.ActiveCfg = Debug|Any CPU
		{6A88C4B4-2FE8-4499-9261-B7718B0A10F4}.Debug|Any CPU.Build.0 = Debug|Any CPU
		{6A88C4B4-2FE8-4499-9261-B7718B0A10F4}.Release|Any CPU.ActiveCfg = Release|Any CPU
		{6A88C4B4-2FE8-4499-9261-B7718B0A10F4}.Release|Any CPU.Build.0 = Release|Any CPU
	EndGlobalSection
	GlobalSection(SolutionProperties) = preSolution
		HideSolutionNode = FALSE
	EndGlobalSection
	GlobalSection(ExtensibilityGlobals) = postSolution
		SolutionGuid = {03F9CEE2-1A17-4AF7-A78C-6F47CE4744F8}
	EndGlobalSection
EndGlobal
